
Microsoft Visual Studio Solution File, Format Version 12.00
# Visual Studio Version 17
VisualStudioVersion = 17.9.34723.18
MinimumVisualStudioVersion = 10.0.40219.1
Project("{FAE04EC0-301F-11D3-BF4B-00C04F79EFBC}") = "пз.15.1", "пз.15.1\пз.15.1.csproj", "{A76974D8-EA3B-4AE9-AA07-433738AB4AB3}"
EndProject
Global
	GlobalSection(SolutionConfigurationPlatforms) = preSolution
		Debug|Any CPU = Debug|Any CPU
		Release|Any CPU = Release|Any CPU
	EndGlobalSection
	GlobalSection(ProjectConfigurationPlatforms) = postSolution
		{A76974D8-EA3B-4AE9-AA07-433738AB4AB3}.Debug|Any CPU.ActiveCfg = Debug|Any CPU
		{A76974D8-EA3B-4AE9-AA07-433738AB4AB3}.Debug|Any CPU.Build.0 = Debug|Any CPU
		{A76974D8-EA3B-4AE9-AA07-433738AB4AB3}.Release|Any CPU.ActiveCfg = Release|Any CPU
		{A76974D8-EA3B-4AE9-AA07-433738AB4AB3}.Release|Any CPU.Build.0 = Release|Any CPU
	EndGlobalSection
	GlobalSection(SolutionProperties) = preSolution
		HideSolutionNode = FALSE
	EndGlobalSection
	GlobalSection(ExtensibilityGlobals) = postSolution
		SolutionGuid = {47508937-1649-4134-B748-543D772C7320}
	EndGlobalSection
EndGlobal
